// !$*UTF8*$!
{
	archiveVersion = 1;
	classes = {
	};
	objectVersion = 50;
	objects = {

/* Begin PBXBuildFile section */
		7D4674E227182F2300632CE6 /* AppDelegate.swift in Sources */ = {isa = PBXBuildFile; fileRef = 7D4674E127182F2300632CE6 /* AppDelegate.swift */; };
		7D4674E427182F2300632CE6 /* SceneDelegate.swift in Sources */ = {isa = PBXBuildFile; fileRef = 7D4674E327182F2300632CE6 /* SceneDelegate.swift */; };
		7D4674E627182F2300632CE6 /* ViewController.swift in Sources */ = {isa = PBXBuildFile; fileRef = 7D4674E527182F2300632CE6 /* ViewController.swift */; };
		7D4674E927182F2300632CE6 /* Main.storyboard in Resources */ = {isa = PBXBuildFile; fileRef = 7D4674E727182F2300632CE6 /* Main.storyboard */; };
		7D4674EB27182F2600632CE6 /* Assets.xcassets in Resources */ = {isa = PBXBuildFile; fileRef = 7D4674EA27182F2600632CE6 /* Assets.xcassets */; };
		7D4674EE27182F2600632CE6 /* LaunchScreen.storyboard in Resources */ = {isa = PBXBuildFile; fileRef = 7D4674EC27182F2600632CE6 /* LaunchScreen.storyboard */; };
		7D4674F92718460200632CE6 /* SingInwithEmailVC.swift in Sources */ = {isa = PBXBuildFile; fileRef = 7D4674F82718460200632CE6 /* SingInwithEmailVC.swift */; };
		7D4674FC2718468700632CE6 /* HomePageVC.swift in Sources */ = {isa = PBXBuildFile; fileRef = 7D4674FB2718468700632CE6 /* HomePageVC.swift */; };
		7D4674FF27184C6300632CE6 /* NotficationPageVC.swift in Sources */ = {isa = PBXBuildFile; fileRef = 7D4674FE27184C6300632CE6 /* NotficationPageVC.swift */; };
		7D46750227186C3100632CE6 /* AnimalTypesCVC.swift in Sources */ = {isa = PBXBuildFile; fileRef = 7D46750127186C3100632CE6 /* AnimalTypesCVC.swift */; };
		7D5724E42718A319001BD38D /* AnimalKindsCVC.swift in Sources */ = {isa = PBXBuildFile; fileRef = 7D5724E32718A319001BD38D /* AnimalKindsCVC.swift */; };
/* End PBXBuildFile section */

/* Begin PBXFileReference section */
		7D4674DE27182F2200632CE6 /* AdoptingHay.app */ = {isa = PBXFileReference; explicitFileType = wrapper.application; includeInIndex = 0; path = AdoptingHay.app; sourceTree = BUILT_PRODUCTS_DIR; };
		7D4674E127182F2300632CE6 /* AppDelegate.swift */ = {isa = PBXFileReference; lastKnownFileType = sourcecode.swift; path = AppDelegate.swift; sourceTree = "<group>"; };
		7D4674E327182F2300632CE6 /* SceneDelegate.swift */ = {isa = PBXFileReference; lastKnownFileType = sourcecode.swift; path = SceneDelegate.swift; sourceTree = "<group>"; };
		7D4674E527182F2300632CE6 /* ViewController.swift */ = {isa = PBXFileReference; lastKnownFileType = sourcecode.swift; path = ViewController.swift; sourceTree = "<group>"; };
		7D4674E827182F2300632CE6 /* Base */ = {isa = PBXFileReference; lastKnownFileType = file.storyboard; name = Base; path = Base.lproj/Main.storyboard; sourceTree = "<group>"; };
		7D4674EA27182F2600632CE6 /* Assets.xcassets */ = {isa = PBXFileReference; lastKnownFileType = folder.assetcatalog; path = Assets.xcassets; sourceTree = "<group>"; };
		7D4674ED27182F2600632CE6 /* Base */ = {isa = PBXFileReference; lastKnownFileType = file.storyboard; name = Base; path = Base.lproj/LaunchScreen.storyboard; sourceTree = "<group>"; };
		7D4674EF27182F2600632CE6 /* Info.plist */ = {isa = PBXFileReference; lastKnownFileType = text.plist.xml; path = Info.plist; sourceTree = "<group>"; };
		7D4674F82718460200632CE6 /* SingInwithEmailVC.swift */ = {isa = PBXFileReference; lastKnownFileType = sourcecode.swift; path = SingInwithEmailVC.swift; sourceTree = "<group>"; };
		7D4674FB2718468700632CE6 /* HomePageVC.swift */ = {isa = PBXFileReference; lastKnownFileType = sourcecode.swift; path = HomePageVC.swift; sourceTree = "<group>"; };
		7D4674FE27184C6300632CE6 /* NotficationPageVC.swift */ = {isa = PBXFileReference; lastKnownFileType = sourcecode.swift; path = NotficationPageVC.swift; sourceTree = "<group>"; };
		7D46750127186C3100632CE6 /* AnimalTypesCVC.swift */ = {isa = PBXFileReference; lastKnownFileType = sourcecode.swift; path = AnimalTypesCVC.swift; sourceTree = "<group>"; };
		7D5724E32718A319001BD38D /* AnimalKindsCVC.swift */ = {isa = PBXFileReference; lastKnownFileType = sourcecode.swift; path = AnimalKindsCVC.swift; sourceTree = "<group>"; };
/* End PBXFileReference section */

/* Begin PBXFrameworksBuildPhase section */
		7D4674DB27182F2200632CE6 /* Frameworks */ = {
			isa = PBXFrameworksBuildPhase;
			buildActionMask = 2147483647;
			files = (
			);
			runOnlyForDeploymentPostprocessing = 0;
		};
/* End PBXFrameworksBuildPhase section */

/* Begin PBXGroup section */
		7D4674D527182F2200632CE6 = {
			isa = PBXGroup;
			children = (
				7D4674E027182F2200632CE6 /* AdoptingHay */,
				7D4674DF27182F2200632CE6 /* Products */,
			);
			sourceTree = "<group>";
		};
		7D4674DF27182F2200632CE6 /* Products */ = {
			isa = PBXGroup;
			children = (
				7D4674DE27182F2200632CE6 /* AdoptingHay.app */,
			);
			name = Products;
			sourceTree = "<group>";
		};
		7D4674E027182F2200632CE6 /* AdoptingHay */ = {
			isa = PBXGroup;
			children = (
				7D4674E127182F2300632CE6 /* AppDelegate.swift */,
				7D4674E327182F2300632CE6 /* SceneDelegate.swift */,
				7D4674E527182F2300632CE6 /* ViewController.swift */,
				7D4674E727182F2300632CE6 /* Main.storyboard */,
				7D4674EA27182F2600632CE6 /* Assets.xcassets */,
				7D4674EC27182F2600632CE6 /* LaunchScreen.storyboard */,
				7D4674EF27182F2600632CE6 /* Info.plist */,
				7D4674F82718460200632CE6 /* SingInwithEmailVC.swift */,
				7D4674FB2718468700632CE6 /* HomePageVC.swift */,
				7D4674FE27184C6300632CE6 /* NotficationPageVC.swift */,
				7D46750127186C3100632CE6 /* AnimalTypesCVC.swift */,
				7D5724E32718A319001BD38D /* AnimalKindsCVC.swift */,
			);
			path = AdoptingHay;
			sourceTree = "<group>";
		};
/* End PBXGroup section */

/* Begin PBXNativeTarget section */
		7D4674DD27182F2200632CE6 /* AdoptingHay */ = {
			isa = PBXNativeTarget;
			buildConfigurationList = 7D4674F227182F2600632CE6 /* Build configuration list for PBXNativeTarget "AdoptingHay" */;
			buildPhases = (
				7D4674DA27182F2200632CE6 /* Sources */,
				7D4674DB27182F2200632CE6 /* Frameworks */,
				7D4674DC27182F2200632CE6 /* Resources */,
			);
			buildRules = (
			);
			dependencies = (
			);
			name = AdoptingHay;
			productName = AdoptingHay;
			productReference = 7D4674DE27182F2200632CE6 /* AdoptingHay.app */;
			productType = "com.apple.product-type.application";
		};
/* End PBXNativeTarget section */

/* Begin PBXProject section */
		7D4674D627182F2200632CE6 /* Project object */ = {
			isa = PBXProject;
			attributes = {
				LastSwiftUpdateCheck = 1240;
				LastUpgradeCheck = 1240;
				TargetAttributes = {
					7D4674DD27182F2200632CE6 = {
						CreatedOnToolsVersion = 12.4;
					};
				};
			};
			buildConfigurationList = 7D4674D927182F2200632CE6 /* Build configuration list for PBXProject "AdoptingHay" */;
			compatibilityVersion = "Xcode 9.3";
			developmentRegion = en;
			hasScannedForEncodings = 0;
			knownRegions = (
				en,
				Base,
			);
			mainGroup = 7D4674D527182F2200632CE6;
			productRefGroup = 7D4674DF27182F2200632CE6 /* Products */;
			projectDirPath = "";
			projectRoot = "";
			targets = (
				7D4674DD27182F2200632CE6 /* AdoptingHay */,
			);
		};
/* End PBXProject section */

/* Begin PBXResourcesBuildPhase section */
		7D4674DC27182F2200632CE6 /* Resources */ = {
			isa = PBXResourcesBuildPhase;
			buildActionMask = 2147483647;
			files = (
				7D4674EE27182F2600632CE6 /* LaunchScreen.storyboard in Resources */,
				7D4674EB27182F2600632CE6 /* Assets.xcassets in Resources */,
				7D4674E927182F2300632CE6 /* Main.storyboard in Resources */,
			);
			runOnlyForDeploymentPostprocessing = 0;
		};
/* End PBXResourcesBuildPhase section */

/* Begin PBXSourcesBuildPhase section */
		7D4674DA27182F2200632CE6 /* Sources */ = {
			isa = PBXSourcesBuildPhase;
			buildActionMask = 2147483647;
			files = (
				7D4674FC2718468700632CE6 /* HomePageVC.swift in Sources */,
				7D4674E627182F2300632CE6 /* ViewController.swift in Sources */,
				7D4674FF27184C6300632CE6 /* NotficationPageVC.swift in Sources */,
				7D4674E227182F2300632CE6 /* AppDelegate.swift in Sources */,
				7D4674E427182F2300632CE6 /* SceneDelegate.swift in Sources */,
				7D46750227186C3100632CE6 /* AnimalTypesCVC.swift in Sources */,
				7D5724E42718A319001BD38D /* AnimalKindsCVC.swift in Sources */,
				7D4674F92718460200632CE6 /* SingInwithEmailVC.swift in Sources */,
			);
			runOnlyForDeploymentPostprocessing = 0;
		};
/* End PBXSourcesBuildPhase section */

/* Begin PBXVariantGroup section */
		7D4674E727182F2300632CE6 /* Main.storyboard */ = {
			isa = PBXVariantGroup;
			children = (
				7D4674E827182F2300632CE6 /* Base */,
			);
			name = Main.storyboard;
			sourceTree = "<group>";
		};
		7D4674EC27182F2600632CE6 /* LaunchScreen.storyboard */ = {
			isa = PBXVariantGroup;
			children = (
				7D4674ED27182F2600632CE6 /* Base */,
			);
			name = LaunchScreen.storyboard;
			sourceTree = "<group>";
		};
/* End PBXVariantGroup section */

/* Begin XCBuildConfiguration section */
		7D4674F027182F2600632CE6 /* Debug */ = {
			isa = XCBuildConfiguration;
			buildSettings = {
				ALWAYS_SEARCH_USER_PATHS = NO;
				CLANG_ANALYZER_NONNULL = YES;
				CLANG_ANALYZER_NUMBER_OBJECT_CONVERSION = YES_AGGRESSIVE;
				CLANG_CXX_LANGUAGE_STANDARD = "gnu++14";
				CLANG_CXX_LIBRARY = "libc++";
				CLANG_ENABLE_MODULES = YES;
				CLANG_ENABLE_OBJC_ARC = YES;
				CLANG_ENABLE_OBJC_WEAK = YES;
				CLANG_WARN_BLOCK_CAPTURE_AUTORELEASING = YES;
				CLANG_WARN_BOOL_CONVERSION = YES;
				CLANG_WARN_COMMA = YES;
				CLANG_WARN_CONSTANT_CONVERSION = YES;
				CLANG_WARN_DEPRECATED_OBJC_IMPLEMENTATIONS = YES;
				CLANG_WARN_DIRECT_OBJC_ISA_USAGE = YES_ERROR;
				CLANG_WARN_DOCUMENTATION_COMMENTS = YES;
				CLANG_WARN_EMPTY_BODY = YES;
				CLANG_WARN_ENUM_CONVERSION = YES;
				CLANG_WARN_INFINITE_RECURSION = YES;
				CLANG_WARN_INT_CONVERSION = YES;
				CLANG_WARN_NON_LITERAL_NULL_CONVERSION = YES;
				CLANG_WARN_OBJC_IMPLICIT_RETAIN_SELF = YES;
				CLANG_WARN_OBJC_LITERAL_CONVERSION = YES;
				CLANG_WARN_OBJC_ROOT_CLASS = YES_ERROR;
				CLANG_WARN_QUOTED_INCLUDE_IN_FRAMEWORK_HEADER = YES;
				CLANG_WARN_RANGE_LOOP_ANALYSIS = YES;
				CLANG_WARN_STRICT_PROTOTYPES = YES;
				CLANG_WARN_SUSPICIOUS_MOVE = YES;
				CLANG_WARN_UNGUARDED_AVAILABILITY = YES_AGGRESSIVE;
				CLANG_WARN_UNREACHABLE_CODE = YES;
				CLANG_WARN__DUPLICATE_METHOD_MATCH = YES;
				COPY_PHASE_STRIP = NO;
				DEBUG_INFORMATION_FORMAT = dwarf;
				ENABLE_STRICT_OBJC_MSGSEND = YES;
				ENABLE_TESTABILITY = YES;
				GCC_C_LANGUAGE_STANDARD = gnu11;
				GCC_DYNAMIC_NO_PIC = NO;
				GCC_NO_COMMON_BLOCKS = YES;
				GCC_OPTIMIZATION_LEVEL = 0;
				GCC_PREPROCESSOR_DEFINITIONS = (
					"DEBUG=1",
					"$(inherited)",
				);
				GCC_WARN_64_TO_32_BIT_CONVERSION = YES;
				GCC_WARN_ABOUT_RETURN_TYPE = YES_ERROR;
				GCC_WARN_UNDECLARED_SELECTOR = YES;
				GCC_WARN_UNINITIALIZED_AUTOS = YES_AGGRESSIVE;
				GCC_WARN_UNUSED_FUNCTION = YES;
				GCC_WARN_UNUSED_VARIABLE = YES;
				IPHONEOS_DEPLOYMENT_TARGET = 14.4;
				MTL_ENABLE_DEBUG_INFO = INCLUDE_SOURCE;
				MTL_FAST_MATH = YES;
				ONLY_ACTIVE_ARCH = YES;
				SDKROOT = iphoneos;
				SWIFT_ACTIVE_COMPILATION_CONDITIONS = DEBUG;
				SWIFT_OPTIMIZATION_LEVEL = "-Onone";
			};
			name = Debug;
		};
		7D4674F127182F2600632CE6 /* Release */ = {
			isa = XCBuildConfiguration;
			buildSettings = {
				ALWAYS_SEARCH_USER_PATHS = NO;
				CLANG_ANALYZER_NONNULL = YES;
				CLANG_ANALYZER_NUMBER_OBJECT_CONVERSION = YES_AGGRESSIVE;
				CLANG_CXX_LANGUAGE_STANDARD = "gnu++14";
				CLANG_CXX_LIBRARY = "libc++";
				CLANG_ENABLE_MODULES = YES;
				CLANG_ENABLE_OBJC_ARC = YES;
				CLANG_ENABLE_OBJC_WEAK = YES;
				CLANG_WARN_BLOCK_CAPTURE_AUTORELEASING = YES;
				CLANG_WARN_BOOL_CONVERSION = YES;
				CLANG_WARN_COMMA = YES;
				CLANG_WARN_CONSTANT_CONVERSION = YES;
				CLANG_WARN_DEPRECATED_OBJC_IMPLEMENTATIONS = YES;
				CLANG_WARN_DIRECT_OBJC_ISA_USAGE = YES_ERROR;
				CLANG_WARN_DOCUMENTATION_COMMENTS = YES;
				CLANG_WARN_EMPTY_BODY = YES;
				CLANG_WARN_ENUM_CONVERSION = YES;
				CLANG_WARN_INFINITE_RECURSION = YES;
				CLANG_WARN_INT_CONVERSION = YES;
				CLANG_WARN_NON_LITERAL_NULL_CONVERSION = YES;
				CLANG_WARN_OBJC_IMPLICIT_RETAIN_SELF = YES;
				CLANG_WARN_OBJC_LITERAL_CONVERSION = YES;
				CLANG_WARN_OBJC_ROOT_CLASS = YES_ERROR;
				CLANG_WARN_QUOTED_INCLUDE_IN_FRAMEWORK_HEADER = YES;
				CLANG_WARN_RANGE_LOOP_ANALYSIS = YES;
				CLANG_WARN_STRICT_PROTOTYPES = YES;
				CLANG_WARN_SUSPICIOUS_MOVE = YES;
				CLANG_WARN_UNGUARDED_AVAILABILITY = YES_AGGRESSIVE;
				CLANG_WARN_UNREACHABLE_CODE = YES;
				CLANG_WARN__DUPLICATE_METHOD_MATCH = YES;
				COPY_PHASE_STRIP = NO;
				DEBUG_INFORMATION_FORMAT = "dwarf-with-dsym";
				ENABLE_NS_ASSERTIONS = NO;
				ENABLE_STRICT_OBJC_MSGSEND = YES;
				GCC_C_LANGUAGE_STANDARD = gnu11;
				GCC_NO_COMMON_BLOCKS = YES;
				GCC_WARN_64_TO_32_BIT_CONVERSION = YES;
				GCC_WARN_ABOUT_RETURN_TYPE = YES_ERROR;
				GCC_WARN_UNDECLARED_SELECTOR = YES;
				GCC_WARN_UNINITIALIZED_AUTOS = YES_AGGRESSIVE;
				GCC_WARN_UNUSED_FUNCTION = YES;
				GCC_WARN_UNUSED_VARIABLE = YES;
				IPHONEOS_DEPLOYMENT_TARGET = 14.4;
				MTL_ENABLE_DEBUG_INFO = NO;
				MTL_FAST_MATH = YES;
				SDKROOT = iphoneos;
				SWIFT_COMPILATION_MODE = wholemodule;
				SWIFT_OPTIMIZATION_LEVEL = "-O";
				VALIDATE_PRODUCT = YES;
			};
			name = Release;
		};
		7D4674F327182F2600632CE6 /* Debug */ = {
			isa = XCBuildConfiguration;
			buildSettings = {
				ASSETCATALOG_COMPILER_APPICON_NAME = AppIcon;
				ASSETCATALOG_COMPILER_GLOBAL_ACCENT_COLOR_NAME = AccentColor;
				CODE_SIGN_STYLE = Automatic;
				DEVELOPMENT_TEAM = 34G99QRS57;
				INFOPLIST_FILE = AdoptingHay/Info.plist;
				LD_RUNPATH_SEARCH_PATHS = (
					"$(inherited)",
					"@executable_path/Frameworks",
				);
				PRODUCT_BUNDLE_IDENTIFIER = com.engingulek.AdoptingHay;
				PRODUCT_NAME = "$(TARGET_NAME)";
				SWIFT_VERSION = 5.0;
				TARGETED_DEVICE_FAMILY = 1;
			};
			name = Debug;
		};
		7D4674F427182F2600632CE6 /* Release */ = {
			isa = XCBuildConfiguration;
			buildSettings = {
				ASSETCATALOG_COMPILER_APPICON_NAME = AppIcon;
				ASSETCATALOG_COMPILER_GLOBAL_ACCENT_COLOR_NAME = AccentColor;
				CODE_SIGN_STYLE = Automatic;
				DEVELOPMENT_TEAM = 34G99QRS57;
				INFOPLIST_FILE = AdoptingHay/Info.plist;
				LD_RUNPATH_SEARCH_PATHS = (
					"$(inherited)",
					"@executable_path/Frameworks",
				);
				PRODUCT_BUNDLE_IDENTIFIER = com.engingulek.AdoptingHay;
				PRODUCT_NAME = "$(TARGET_NAME)";
				SWIFT_VERSION = 5.0;
				TARGETED_DEVICE_FAMILY = 1;
			};
			name = Release;
		};
/* End XCBuildConfiguration section */

/* Begin XCConfigurationList section */
		7D4674D927182F2200632CE6 /* Build configuration list for PBXProject "AdoptingHay" */ = {
			isa = XCConfigurationList;
			buildConfigurations = (
				7D4674F027182F2600632CE6 /* Debug */,
				7D4674F127182F2600632CE6 /* Release */,
			);
			defaultConfigurationIsVisible = 0;
			defaultConfigurationName = Release;
		};
		7D4674F227182F2600632CE6 /* Build configuration list for PBXNativeTarget "AdoptingHay" */ = {
			isa = XCConfigurationList;
			buildConfigurations = (
				7D4674F327182F2600632CE6 /* Debug */,
				7D4674F427182F2600632CE6 /* Release */,
			);
			defaultConfigurationIsVisible = 0;
			defaultConfigurationName = Release;
		};
/* End XCConfigurationList section */
	};
	rootObject = 7D4674D627182F2200632CE6 /* Project object */;
}
