// !$*UTF8*$!
{
	archiveVersion = 1;
	classes = {
	};
	objectVersion = 51;
	objects = {

/* Begin PBXBuildFile section */
		1890916FCAC506B2C10AB1C4 /* Pods_AdoptingHay.framework in Frameworks */ = {isa = PBXBuildFile; fileRef = FB37284F92E0F77E6309D259 /* Pods_AdoptingHay.framework */; };
		7D292607271F0B9A00EBD22F /* NotficationTVC.swift in Sources */ = {isa = PBXBuildFile; fileRef = 7D292606271F0B9A00EBD22F /* NotficationTVC.swift */; };
		7D29260A271F168E00EBD22F /* Notification.swift in Sources */ = {isa = PBXBuildFile; fileRef = 7D292609271F168E00EBD22F /* Notification.swift */; };
		7D4674E227182F2300632CE6 /* AppDelegate.swift in Sources */ = {isa = PBXBuildFile; fileRef = 7D4674E127182F2300632CE6 /* AppDelegate.swift */; };
		7D4674E427182F2300632CE6 /* SceneDelegate.swift in Sources */ = {isa = PBXBuildFile; fileRef = 7D4674E327182F2300632CE6 /* SceneDelegate.swift */; };
		7D4674E627182F2300632CE6 /* ViewController.swift in Sources */ = {isa = PBXBuildFile; fileRef = 7D4674E527182F2300632CE6 /* ViewController.swift */; };
		7D4674E927182F2300632CE6 /* Main.storyboard in Resources */ = {isa = PBXBuildFile; fileRef = 7D4674E727182F2300632CE6 /* Main.storyboard */; };
		7D4674EB27182F2600632CE6 /* Assets.xcassets in Resources */ = {isa = PBXBuildFile; fileRef = 7D4674EA27182F2600632CE6 /* Assets.xcassets */; };
		7D4674EE27182F2600632CE6 /* LaunchScreen.storyboard in Resources */ = {isa = PBXBuildFile; fileRef = 7D4674EC27182F2600632CE6 /* LaunchScreen.storyboard */; };
		7D4674F92718460200632CE6 /* SingInwithEmailVC.swift in Sources */ = {isa = PBXBuildFile; fileRef = 7D4674F82718460200632CE6 /* SingInwithEmailVC.swift */; };
		7D4674FC2718468700632CE6 /* HomePageVC.swift in Sources */ = {isa = PBXBuildFile; fileRef = 7D4674FB2718468700632CE6 /* HomePageVC.swift */; };
		7D4674FF27184C6300632CE6 /* NotficationPageVC.swift in Sources */ = {isa = PBXBuildFile; fileRef = 7D4674FE27184C6300632CE6 /* NotficationPageVC.swift */; };
		7D46CB1B2724B0B70073E0B9 /* GoogleService-Info.plist in Resources */ = {isa = PBXBuildFile; fileRef = 7D46CB1A2724B0B70073E0B9 /* GoogleService-Info.plist */; };
		7D5724E42718A319001BD38D /* AnimalKindsCVC.swift in Sources */ = {isa = PBXBuildFile; fileRef = 7D5724E32718A319001BD38D /* AnimalKindsCVC.swift */; };
		7D69C088272453DC00BB10C2 /* SingInEmailVC.swift in Sources */ = {isa = PBXBuildFile; fileRef = 7D69C087272453DC00BB10C2 /* SingInEmailVC.swift */; };
		7D69C08B272453FE00BB10C2 /* SingUpEmailVC.swift in Sources */ = {isa = PBXBuildFile; fileRef = 7D69C08A272453FE00BB10C2 /* SingUpEmailVC.swift */; };
		7D898D19274D5393004E7888 /* Service.swift in Sources */ = {isa = PBXBuildFile; fileRef = 7D898D18274D5393004E7888 /* Service.swift */; };
		7D898D1B274D5D1B004E7888 /* AnimalKindsViewModel.swift in Sources */ = {isa = PBXBuildFile; fileRef = 7D898D1A274D5D1B004E7888 /* AnimalKindsViewModel.swift */; };
		7D8BD989272B1D4600B00096 /* AccountVC.swift in Sources */ = {isa = PBXBuildFile; fileRef = 7D8BD988272B1D4600B00096 /* AccountVC.swift */; };
		7DB22F3F272C56BE00C2CDB8 /* AccountTVC.swift in Sources */ = {isa = PBXBuildFile; fileRef = 7DB22F3E272C56BE00C2CDB8 /* AccountTVC.swift */; };
		7DD373B7271F646400505E95 /* AddAdvertVC.swift in Sources */ = {isa = PBXBuildFile; fileRef = 7DD373B6271F646400505E95 /* AddAdvertVC.swift */; };
		7DD7F223271D8BA8003E611D /* AnimalAdvertCVC.swift in Sources */ = {isa = PBXBuildFile; fileRef = 7DD7F222271D8BA8003E611D /* AnimalAdvertCVC.swift */; };
		7DD7F227271D94FA003E611D /* AnimalAdvert.swift in Sources */ = {isa = PBXBuildFile; fileRef = 7DD7F226271D94FA003E611D /* AnimalAdvert.swift */; };
		7DE123FA274D07CA0095EDD6 /* AnimalKinds.swift in Sources */ = {isa = PBXBuildFile; fileRef = 7DE123F9274D07CA0095EDD6 /* AnimalKinds.swift */; };
		7DE5EF8B27301D2500B84596 /* AnimalAdvertDetailsVC.swift in Sources */ = {isa = PBXBuildFile; fileRef = 7DE5EF8A27301D2500B84596 /* AnimalAdvertDetailsVC.swift */; };
		7DECFA0C274E4815004E34F3 /* AnimalAdvertViewModel.swift in Sources */ = {isa = PBXBuildFile; fileRef = 7DECFA0B274E4815004E34F3 /* AnimalAdvertViewModel.swift */; };
		7DF7343A2730693800983A8C /* AnimalAdvertDetailsImageCVC.swift in Sources */ = {isa = PBXBuildFile; fileRef = 7DF734392730693800983A8C /* AnimalAdvertDetailsImageCVC.swift */; };
		7DF7343C27307A0900983A8C /* AnimalAdvertDetailsMesajCVC.swift in Sources */ = {isa = PBXBuildFile; fileRef = 7DF7343B27307A0900983A8C /* AnimalAdvertDetailsMesajCVC.swift */; };
/* End PBXBuildFile section */

/* Begin PBXFileReference section */
		259F43B0FDC4DC1E4CDF8B7B /* Pods-AdoptingHay.debug.xcconfig */ = {isa = PBXFileReference; includeInIndex = 1; lastKnownFileType = text.xcconfig; name = "Pods-AdoptingHay.debug.xcconfig"; path = "Target Support Files/Pods-AdoptingHay/Pods-AdoptingHay.debug.xcconfig"; sourceTree = "<group>"; };
		7D292606271F0B9A00EBD22F /* NotficationTVC.swift */ = {isa = PBXFileReference; lastKnownFileType = sourcecode.swift; path = NotficationTVC.swift; sourceTree = "<group>"; };
		7D292609271F168E00EBD22F /* Notification.swift */ = {isa = PBXFileReference; lastKnownFileType = sourcecode.swift; path = Notification.swift; sourceTree = "<group>"; };
		7D4674DE27182F2200632CE6 /* AdoptingHay.app */ = {isa = PBXFileReference; explicitFileType = wrapper.application; includeInIndex = 0; path = AdoptingHay.app; sourceTree = BUILT_PRODUCTS_DIR; };
		7D4674E127182F2300632CE6 /* AppDelegate.swift */ = {isa = PBXFileReference; lastKnownFileType = sourcecode.swift; path = AppDelegate.swift; sourceTree = "<group>"; };
		7D4674E327182F2300632CE6 /* SceneDelegate.swift */ = {isa = PBXFileReference; lastKnownFileType = sourcecode.swift; path = SceneDelegate.swift; sourceTree = "<group>"; };
		7D4674E527182F2300632CE6 /* ViewController.swift */ = {isa = PBXFileReference; lastKnownFileType = sourcecode.swift; path = ViewController.swift; sourceTree = "<group>"; };
		7D4674E827182F2300632CE6 /* Base */ = {isa = PBXFileReference; lastKnownFileType = file.storyboard; name = Base; path = Base.lproj/Main.storyboard; sourceTree = "<group>"; };
		7D4674EA27182F2600632CE6 /* Assets.xcassets */ = {isa = PBXFileReference; lastKnownFileType = folder.assetcatalog; path = Assets.xcassets; sourceTree = "<group>"; };
		7D4674ED27182F2600632CE6 /* Base */ = {isa = PBXFileReference; lastKnownFileType = file.storyboard; name = Base; path = Base.lproj/LaunchScreen.storyboard; sourceTree = "<group>"; };
		7D4674EF27182F2600632CE6 /* Info.plist */ = {isa = PBXFileReference; lastKnownFileType = text.plist.xml; path = Info.plist; sourceTree = "<group>"; };
		7D4674F82718460200632CE6 /* SingInwithEmailVC.swift */ = {isa = PBXFileReference; lastKnownFileType = sourcecode.swift; path = SingInwithEmailVC.swift; sourceTree = "<group>"; };
		7D4674FB2718468700632CE6 /* HomePageVC.swift */ = {isa = PBXFileReference; lastKnownFileType = sourcecode.swift; path = HomePageVC.swift; sourceTree = "<group>"; };
		7D4674FE27184C6300632CE6 /* NotficationPageVC.swift */ = {isa = PBXFileReference; lastKnownFileType = sourcecode.swift; path = NotficationPageVC.swift; sourceTree = "<group>"; };
		7D46CB1A2724B0B70073E0B9 /* GoogleService-Info.plist */ = {isa = PBXFileReference; fileEncoding = 4; lastKnownFileType = text.plist.xml; path = "GoogleService-Info.plist"; sourceTree = "<group>"; };
		7D5724E32718A319001BD38D /* AnimalKindsCVC.swift */ = {isa = PBXFileReference; lastKnownFileType = sourcecode.swift; path = AnimalKindsCVC.swift; sourceTree = "<group>"; };
		7D69C087272453DC00BB10C2 /* SingInEmailVC.swift */ = {isa = PBXFileReference; lastKnownFileType = sourcecode.swift; path = SingInEmailVC.swift; sourceTree = "<group>"; };
		7D69C08A272453FE00BB10C2 /* SingUpEmailVC.swift */ = {isa = PBXFileReference; lastKnownFileType = sourcecode.swift; path = SingUpEmailVC.swift; sourceTree = "<group>"; };
		7D898D18274D5393004E7888 /* Service.swift */ = {isa = PBXFileReference; lastKnownFileType = sourcecode.swift; path = Service.swift; sourceTree = "<group>"; };
		7D898D1A274D5D1B004E7888 /* AnimalKindsViewModel.swift */ = {isa = PBXFileReference; lastKnownFileType = sourcecode.swift; path = AnimalKindsViewModel.swift; sourceTree = "<group>"; };
		7D8BD988272B1D4600B00096 /* AccountVC.swift */ = {isa = PBXFileReference; lastKnownFileType = sourcecode.swift; path = AccountVC.swift; sourceTree = "<group>"; };
		7DB22F3E272C56BE00C2CDB8 /* AccountTVC.swift */ = {isa = PBXFileReference; lastKnownFileType = sourcecode.swift; path = AccountTVC.swift; sourceTree = "<group>"; };
		7DD373B6271F646400505E95 /* AddAdvertVC.swift */ = {isa = PBXFileReference; lastKnownFileType = sourcecode.swift; path = AddAdvertVC.swift; sourceTree = "<group>"; };
		7DD7F222271D8BA8003E611D /* AnimalAdvertCVC.swift */ = {isa = PBXFileReference; lastKnownFileType = sourcecode.swift; path = AnimalAdvertCVC.swift; sourceTree = "<group>"; };
		7DD7F226271D94FA003E611D /* AnimalAdvert.swift */ = {isa = PBXFileReference; lastKnownFileType = sourcecode.swift; path = AnimalAdvert.swift; sourceTree = "<group>"; };
		7DE123F9274D07CA0095EDD6 /* AnimalKinds.swift */ = {isa = PBXFileReference; lastKnownFileType = sourcecode.swift; path = AnimalKinds.swift; sourceTree = "<group>"; };
		7DE5EF8A27301D2500B84596 /* AnimalAdvertDetailsVC.swift */ = {isa = PBXFileReference; lastKnownFileType = sourcecode.swift; path = AnimalAdvertDetailsVC.swift; sourceTree = "<group>"; };
		7DECFA0B274E4815004E34F3 /* AnimalAdvertViewModel.swift */ = {isa = PBXFileReference; lastKnownFileType = sourcecode.swift; path = AnimalAdvertViewModel.swift; sourceTree = "<group>"; };
		7DF734392730693800983A8C /* AnimalAdvertDetailsImageCVC.swift */ = {isa = PBXFileReference; lastKnownFileType = sourcecode.swift; path = AnimalAdvertDetailsImageCVC.swift; sourceTree = "<group>"; };
		7DF7343B27307A0900983A8C /* AnimalAdvertDetailsMesajCVC.swift */ = {isa = PBXFileReference; lastKnownFileType = sourcecode.swift; path = AnimalAdvertDetailsMesajCVC.swift; sourceTree = "<group>"; };
		A6EF73076862743BC27CD1D8 /* Pods-AdoptingHay.release.xcconfig */ = {isa = PBXFileReference; includeInIndex = 1; lastKnownFileType = text.xcconfig; name = "Pods-AdoptingHay.release.xcconfig"; path = "Target Support Files/Pods-AdoptingHay/Pods-AdoptingHay.release.xcconfig"; sourceTree = "<group>"; };
		FB37284F92E0F77E6309D259 /* Pods_AdoptingHay.framework */ = {isa = PBXFileReference; explicitFileType = wrapper.framework; includeInIndex = 0; path = Pods_AdoptingHay.framework; sourceTree = BUILT_PRODUCTS_DIR; };
/* End PBXFileReference section */

/* Begin PBXFrameworksBuildPhase section */
		7D4674DB27182F2200632CE6 /* Frameworks */ = {
			isa = PBXFrameworksBuildPhase;
			buildActionMask = 2147483647;
			files = (
				1890916FCAC506B2C10AB1C4 /* Pods_AdoptingHay.framework in Frameworks */,
			);
			runOnlyForDeploymentPostprocessing = 0;
		};
/* End PBXFrameworksBuildPhase section */

/* Begin PBXGroup section */
		7D292603271F070D00EBD22F /* View */ = {
			isa = PBXGroup;
			children = (
				7D4674E527182F2300632CE6 /* ViewController.swift */,
				7D4674F82718460200632CE6 /* SingInwithEmailVC.swift */,
				7D4674FB2718468700632CE6 /* HomePageVC.swift */,
				7D4674FE27184C6300632CE6 /* NotficationPageVC.swift */,
				7D5724E32718A319001BD38D /* AnimalKindsCVC.swift */,
				7DD7F222271D8BA8003E611D /* AnimalAdvertCVC.swift */,
				7D292606271F0B9A00EBD22F /* NotficationTVC.swift */,
				7DD373B6271F646400505E95 /* AddAdvertVC.swift */,
				7D69C087272453DC00BB10C2 /* SingInEmailVC.swift */,
				7D69C08A272453FE00BB10C2 /* SingUpEmailVC.swift */,
				7D8BD988272B1D4600B00096 /* AccountVC.swift */,
				7DB22F3E272C56BE00C2CDB8 /* AccountTVC.swift */,
				7DE5EF8A27301D2500B84596 /* AnimalAdvertDetailsVC.swift */,
				7DF734392730693800983A8C /* AnimalAdvertDetailsImageCVC.swift */,
				7DF7343B27307A0900983A8C /* AnimalAdvertDetailsMesajCVC.swift */,
			);
			path = View;
			sourceTree = "<group>";
		};
		7D4674D527182F2200632CE6 = {
			isa = PBXGroup;
			children = (
				7D4674E027182F2200632CE6 /* AdoptingHay */,
				7D4674DF27182F2200632CE6 /* Products */,
				94382236E8829998E05A1B3F /* Pods */,
				F4AAD265944E04EEAF364521 /* Frameworks */,
			);
			sourceTree = "<group>";
		};
		7D4674DF27182F2200632CE6 /* Products */ = {
			isa = PBXGroup;
			children = (
				7D4674DE27182F2200632CE6 /* AdoptingHay.app */,
			);
			name = Products;
			sourceTree = "<group>";
		};
		7D4674E027182F2200632CE6 /* AdoptingHay */ = {
			isa = PBXGroup;
			children = (
				7DE123F6274D04630095EDD6 /* WebService */,
				7DE123F5274D04580095EDD6 /* ViewModel */,
				7D292603271F070D00EBD22F /* View */,
				7DD7F225271D94E5003E611D /* Model */,
				7D4674E127182F2300632CE6 /* AppDelegate.swift */,
				7D4674E327182F2300632CE6 /* SceneDelegate.swift */,
				7D4674E727182F2300632CE6 /* Main.storyboard */,
				7D4674EA27182F2600632CE6 /* Assets.xcassets */,
				7D4674EC27182F2600632CE6 /* LaunchScreen.storyboard */,
				7D4674EF27182F2600632CE6 /* Info.plist */,
				7D46CB1A2724B0B70073E0B9 /* GoogleService-Info.plist */,
			);
			path = AdoptingHay;
			sourceTree = "<group>";
		};
		7DD7F225271D94E5003E611D /* Model */ = {
			isa = PBXGroup;
			children = (
				7DD7F226271D94FA003E611D /* AnimalAdvert.swift */,
				7D292609271F168E00EBD22F /* Notification.swift */,
				7DE123F9274D07CA0095EDD6 /* AnimalKinds.swift */,
			);
			path = Model;
			sourceTree = "<group>";
		};
		7DE123F5274D04580095EDD6 /* ViewModel */ = {
			isa = PBXGroup;
			children = (
				7D898D1A274D5D1B004E7888 /* AnimalKindsViewModel.swift */,
				7DECFA0B274E4815004E34F3 /* AnimalAdvertViewModel.swift */,
			);
			path = ViewModel;
			sourceTree = "<group>";
		};
		7DE123F6274D04630095EDD6 /* WebService */ = {
			isa = PBXGroup;
			children = (
				7D898D18274D5393004E7888 /* Service.swift */,
			);
			path = WebService;
			sourceTree = "<group>";
		};
		94382236E8829998E05A1B3F /* Pods */ = {
			isa = PBXGroup;
			children = (
				259F43B0FDC4DC1E4CDF8B7B /* Pods-AdoptingHay.debug.xcconfig */,
				A6EF73076862743BC27CD1D8 /* Pods-AdoptingHay.release.xcconfig */,
			);
			path = Pods;
			sourceTree = "<group>";
		};
		F4AAD265944E04EEAF364521 /* Frameworks */ = {
			isa = PBXGroup;
			children = (
				FB37284F92E0F77E6309D259 /* Pods_AdoptingHay.framework */,
			);
			name = Frameworks;
			sourceTree = "<group>";
		};
/* End PBXGroup section */

/* Begin PBXNativeTarget section */
		7D4674DD27182F2200632CE6 /* AdoptingHay */ = {
			isa = PBXNativeTarget;
			buildConfigurationList = 7D4674F227182F2600632CE6 /* Build configuration list for PBXNativeTarget "AdoptingHay" */;
			buildPhases = (
				0C9D4D997E49E0E7664E62ED /* [CP] Check Pods Manifest.lock */,
				7D4674DA27182F2200632CE6 /* Sources */,
				7D4674DB27182F2200632CE6 /* Frameworks */,
				7D4674DC27182F2200632CE6 /* Resources */,
				543AC97902300245677129F4 /* [CP] Embed Pods Frameworks */,
			);
			buildRules = (
			);
			dependencies = (
			);
			name = AdoptingHay;
			productName = AdoptingHay;
			productReference = 7D4674DE27182F2200632CE6 /* AdoptingHay.app */;
			productType = "com.apple.product-type.application";
		};
/* End PBXNativeTarget section */

/* Begin PBXProject section */
		7D4674D627182F2200632CE6 /* Project object */ = {
			isa = PBXProject;
			attributes = {
				LastSwiftUpdateCheck = 1240;
				LastUpgradeCheck = 1240;
				TargetAttributes = {
					7D4674DD27182F2200632CE6 = {
						CreatedOnToolsVersion = 12.4;
					};
				};
			};
			buildConfigurationList = 7D4674D927182F2200632CE6 /* Build configuration list for PBXProject "AdoptingHay" */;
			compatibilityVersion = "Xcode 9.3";
			developmentRegion = en;
			hasScannedForEncodings = 0;
			knownRegions = (
				en,
				Base,
			);
			mainGroup = 7D4674D527182F2200632CE6;
			productRefGroup = 7D4674DF27182F2200632CE6 /* Products */;
			projectDirPath = "";
			projectRoot = "";
			targets = (
				7D4674DD27182F2200632CE6 /* AdoptingHay */,
			);
		};
/* End PBXProject section */

/* Begin PBXResourcesBuildPhase section */
		7D4674DC27182F2200632CE6 /* Resources */ = {
			isa = PBXResourcesBuildPhase;
			buildActionMask = 2147483647;
			files = (
				7D4674EE27182F2600632CE6 /* LaunchScreen.storyboard in Resources */,
				7D46CB1B2724B0B70073E0B9 /* GoogleService-Info.plist in Resources */,
				7D4674EB27182F2600632CE6 /* Assets.xcassets in Resources */,
				7D4674E927182F2300632CE6 /* Main.storyboard in Resources */,
			);
			runOnlyForDeploymentPostprocessing = 0;
		};
/* End PBXResourcesBuildPhase section */

/* Begin PBXShellScriptBuildPhase section */
		0C9D4D997E49E0E7664E62ED /* [CP] Check Pods Manifest.lock */ = {
			isa = PBXShellScriptBuildPhase;
			buildActionMask = 2147483647;
			files = (
			);
			inputFileListPaths = (
			);
			inputPaths = (
				"${PODS_PODFILE_DIR_PATH}/Podfile.lock",
				"${PODS_ROOT}/Manifest.lock",
			);
			name = "[CP] Check Pods Manifest.lock";
			outputFileListPaths = (
			);
			outputPaths = (
				"$(DERIVED_FILE_DIR)/Pods-AdoptingHay-checkManifestLockResult.txt",
			);
			runOnlyForDeploymentPostprocessing = 0;
			shellPath = /bin/sh;
			shellScript = "diff \"${PODS_PODFILE_DIR_PATH}/Podfile.lock\" \"${PODS_ROOT}/Manifest.lock\" > /dev/null\nif [ $? != 0 ] ; then\n    # print error to STDERR\n    echo \"error: The sandbox is not in sync with the Podfile.lock. Run 'pod install' or update your CocoaPods installation.\" >&2\n    exit 1\nfi\n# This output is used by Xcode 'outputs' to avoid re-running this script phase.\necho \"SUCCESS\" > \"${SCRIPT_OUTPUT_FILE_0}\"\n";
			showEnvVarsInLog = 0;
		};
		543AC97902300245677129F4 /* [CP] Embed Pods Frameworks */ = {
			isa = PBXShellScriptBuildPhase;
			buildActionMask = 2147483647;
			files = (
			);
			inputFileListPaths = (
				"${PODS_ROOT}/Target Support Files/Pods-AdoptingHay/Pods-AdoptingHay-frameworks-${CONFIGURATION}-input-files.xcfilelist",
			);
			name = "[CP] Embed Pods Frameworks";
			outputFileListPaths = (
				"${PODS_ROOT}/Target Support Files/Pods-AdoptingHay/Pods-AdoptingHay-frameworks-${CONFIGURATION}-output-files.xcfilelist",
			);
			runOnlyForDeploymentPostprocessing = 0;
			shellPath = /bin/sh;
			shellScript = "\"${PODS_ROOT}/Target Support Files/Pods-AdoptingHay/Pods-AdoptingHay-frameworks.sh\"\n";
			showEnvVarsInLog = 0;
		};
/* End PBXShellScriptBuildPhase section */

/* Begin PBXSourcesBuildPhase section */
		7D4674DA27182F2200632CE6 /* Sources */ = {
			isa = PBXSourcesBuildPhase;
			buildActionMask = 2147483647;
			files = (
				7D4674FC2718468700632CE6 /* HomePageVC.swift in Sources */,
				7D4674E627182F2300632CE6 /* ViewController.swift in Sources */,
				7D4674FF27184C6300632CE6 /* NotficationPageVC.swift in Sources */,
				7D4674E227182F2300632CE6 /* AppDelegate.swift in Sources */,
				7D69C088272453DC00BB10C2 /* SingInEmailVC.swift in Sources */,
				7DB22F3F272C56BE00C2CDB8 /* AccountTVC.swift in Sources */,
				7DF7343C27307A0900983A8C /* AnimalAdvertDetailsMesajCVC.swift in Sources */,
				7D292607271F0B9A00EBD22F /* NotficationTVC.swift in Sources */,
				7D898D19274D5393004E7888 /* Service.swift in Sources */,
				7DD7F223271D8BA8003E611D /* AnimalAdvertCVC.swift in Sources */,
				7D4674E427182F2300632CE6 /* SceneDelegate.swift in Sources */,
				7DE123FA274D07CA0095EDD6 /* AnimalKinds.swift in Sources */,
				7D5724E42718A319001BD38D /* AnimalKindsCVC.swift in Sources */,
				7D69C08B272453FE00BB10C2 /* SingUpEmailVC.swift in Sources */,
				7D898D1B274D5D1B004E7888 /* AnimalKindsViewModel.swift in Sources */,
				7DF7343A2730693800983A8C /* AnimalAdvertDetailsImageCVC.swift in Sources */,
				7DD373B7271F646400505E95 /* AddAdvertVC.swift in Sources */,
				7D8BD989272B1D4600B00096 /* AccountVC.swift in Sources */,
				7D29260A271F168E00EBD22F /* Notification.swift in Sources */,
				7D4674F92718460200632CE6 /* SingInwithEmailVC.swift in Sources */,
				7DD7F227271D94FA003E611D /* AnimalAdvert.swift in Sources */,
				7DE5EF8B27301D2500B84596 /* AnimalAdvertDetailsVC.swift in Sources */,
				7DECFA0C274E4815004E34F3 /* AnimalAdvertViewModel.swift in Sources */,
			);
			runOnlyForDeploymentPostprocessing = 0;
		};
/* End PBXSourcesBuildPhase section */

/* Begin PBXVariantGroup section */
		7D4674E727182F2300632CE6 /* Main.storyboard */ = {
			isa = PBXVariantGroup;
			children = (
				7D4674E827182F2300632CE6 /* Base */,
			);
			name = Main.storyboard;
			sourceTree = "<group>";
		};
		7D4674EC27182F2600632CE6 /* LaunchScreen.storyboard */ = {
			isa = PBXVariantGroup;
			children = (
				7D4674ED27182F2600632CE6 /* Base */,
			);
			name = LaunchScreen.storyboard;
			sourceTree = "<group>";
		};
/* End PBXVariantGroup section */

/* Begin XCBuildConfiguration section */
		7D4674F027182F2600632CE6 /* Debug */ = {
			isa = XCBuildConfiguration;
			buildSettings = {
				ALWAYS_SEARCH_USER_PATHS = NO;
				CLANG_ANALYZER_NONNULL = YES;
				CLANG_ANALYZER_NUMBER_OBJECT_CONVERSION = YES_AGGRESSIVE;
				CLANG_CXX_LANGUAGE_STANDARD = "gnu++14";
				CLANG_CXX_LIBRARY = "libc++";
				CLANG_ENABLE_MODULES = YES;
				CLANG_ENABLE_OBJC_ARC = YES;
				CLANG_ENABLE_OBJC_WEAK = YES;
				CLANG_WARN_BLOCK_CAPTURE_AUTORELEASING = YES;
				CLANG_WARN_BOOL_CONVERSION = YES;
				CLANG_WARN_COMMA = YES;
				CLANG_WARN_CONSTANT_CONVERSION = YES;
				CLANG_WARN_DEPRECATED_OBJC_IMPLEMENTATIONS = YES;
				CLANG_WARN_DIRECT_OBJC_ISA_USAGE = YES_ERROR;
				CLANG_WARN_DOCUMENTATION_COMMENTS = YES;
				CLANG_WARN_EMPTY_BODY = YES;
				CLANG_WARN_ENUM_CONVERSION = YES;
				CLANG_WARN_INFINITE_RECURSION = YES;
				CLANG_WARN_INT_CONVERSION = YES;
				CLANG_WARN_NON_LITERAL_NULL_CONVERSION = YES;
				CLANG_WARN_OBJC_IMPLICIT_RETAIN_SELF = YES;
				CLANG_WARN_OBJC_LITERAL_CONVERSION = YES;
				CLANG_WARN_OBJC_ROOT_CLASS = YES_ERROR;
				CLANG_WARN_QUOTED_INCLUDE_IN_FRAMEWORK_HEADER = YES;
				CLANG_WARN_RANGE_LOOP_ANALYSIS = YES;
				CLANG_WARN_STRICT_PROTOTYPES = YES;
				CLANG_WARN_SUSPICIOUS_MOVE = YES;
				CLANG_WARN_UNGUARDED_AVAILABILITY = YES_AGGRESSIVE;
				CLANG_WARN_UNREACHABLE_CODE = YES;
				CLANG_WARN__DUPLICATE_METHOD_MATCH = YES;
				COPY_PHASE_STRIP = NO;
				DEBUG_INFORMATION_FORMAT = dwarf;
				ENABLE_STRICT_OBJC_MSGSEND = YES;
				ENABLE_TESTABILITY = YES;
				GCC_C_LANGUAGE_STANDARD = gnu11;
				GCC_DYNAMIC_NO_PIC = NO;
				GCC_NO_COMMON_BLOCKS = YES;
				GCC_OPTIMIZATION_LEVEL = 0;
				GCC_PREPROCESSOR_DEFINITIONS = (
					"DEBUG=1",
					"$(inherited)",
				);
				GCC_WARN_64_TO_32_BIT_CONVERSION = YES;
				GCC_WARN_ABOUT_RETURN_TYPE = YES_ERROR;
				GCC_WARN_UNDECLARED_SELECTOR = YES;
				GCC_WARN_UNINITIALIZED_AUTOS = YES_AGGRESSIVE;
				GCC_WARN_UNUSED_FUNCTION = YES;
				GCC_WARN_UNUSED_VARIABLE = YES;
				IPHONEOS_DEPLOYMENT_TARGET = 14.4;
				MTL_ENABLE_DEBUG_INFO = INCLUDE_SOURCE;
				MTL_FAST_MATH = YES;
				ONLY_ACTIVE_ARCH = YES;
				SDKROOT = iphoneos;
				SWIFT_ACTIVE_COMPILATION_CONDITIONS = DEBUG;
				SWIFT_OPTIMIZATION_LEVEL = "-Onone";
			};
			name = Debug;
		};
		7D4674F127182F2600632CE6 /* Release */ = {
			isa = XCBuildConfiguration;
			buildSettings = {
				ALWAYS_SEARCH_USER_PATHS = NO;
				CLANG_ANALYZER_NONNULL = YES;
				CLANG_ANALYZER_NUMBER_OBJECT_CONVERSION = YES_AGGRESSIVE;
				CLANG_CXX_LANGUAGE_STANDARD = "gnu++14";
				CLANG_CXX_LIBRARY = "libc++";
				CLANG_ENABLE_MODULES = YES;
				CLANG_ENABLE_OBJC_ARC = YES;
				CLANG_ENABLE_OBJC_WEAK = YES;
				CLANG_WARN_BLOCK_CAPTURE_AUTORELEASING = YES;
				CLANG_WARN_BOOL_CONVERSION = YES;
				CLANG_WARN_COMMA = YES;
				CLANG_WARN_CONSTANT_CONVERSION = YES;
				CLANG_WARN_DEPRECATED_OBJC_IMPLEMENTATIONS = YES;
				CLANG_WARN_DIRECT_OBJC_ISA_USAGE = YES_ERROR;
				CLANG_WARN_DOCUMENTATION_COMMENTS = YES;
				CLANG_WARN_EMPTY_BODY = YES;
				CLANG_WARN_ENUM_CONVERSION = YES;
				CLANG_WARN_INFINITE_RECURSION = YES;
				CLANG_WARN_INT_CONVERSION = YES;
				CLANG_WARN_NON_LITERAL_NULL_CONVERSION = YES;
				CLANG_WARN_OBJC_IMPLICIT_RETAIN_SELF = YES;
				CLANG_WARN_OBJC_LITERAL_CONVERSION = YES;
				CLANG_WARN_OBJC_ROOT_CLASS = YES_ERROR;
				CLANG_WARN_QUOTED_INCLUDE_IN_FRAMEWORK_HEADER = YES;
				CLANG_WARN_RANGE_LOOP_ANALYSIS = YES;
				CLANG_WARN_STRICT_PROTOTYPES = YES;
				CLANG_WARN_SUSPICIOUS_MOVE = YES;
				CLANG_WARN_UNGUARDED_AVAILABILITY = YES_AGGRESSIVE;
				CLANG_WARN_UNREACHABLE_CODE = YES;
				CLANG_WARN__DUPLICATE_METHOD_MATCH = YES;
				COPY_PHASE_STRIP = NO;
				DEBUG_INFORMATION_FORMAT = "dwarf-with-dsym";
				ENABLE_NS_ASSERTIONS = NO;
				ENABLE_STRICT_OBJC_MSGSEND = YES;
				GCC_C_LANGUAGE_STANDARD = gnu11;
				GCC_NO_COMMON_BLOCKS = YES;
				GCC_WARN_64_TO_32_BIT_CONVERSION = YES;
				GCC_WARN_ABOUT_RETURN_TYPE = YES_ERROR;
				GCC_WARN_UNDECLARED_SELECTOR = YES;
				GCC_WARN_UNINITIALIZED_AUTOS = YES_AGGRESSIVE;
				GCC_WARN_UNUSED_FUNCTION = YES;
				GCC_WARN_UNUSED_VARIABLE = YES;
				IPHONEOS_DEPLOYMENT_TARGET = 14.4;
				MTL_ENABLE_DEBUG_INFO = NO;
				MTL_FAST_MATH = YES;
				SDKROOT = iphoneos;
				SWIFT_COMPILATION_MODE = wholemodule;
				SWIFT_OPTIMIZATION_LEVEL = "-O";
				VALIDATE_PRODUCT = YES;
			};
			name = Release;
		};
		7D4674F327182F2600632CE6 /* Debug */ = {
			isa = XCBuildConfiguration;
			baseConfigurationReference = 259F43B0FDC4DC1E4CDF8B7B /* Pods-AdoptingHay.debug.xcconfig */;
			buildSettings = {
				ASSETCATALOG_COMPILER_APPICON_NAME = AppIcon;
				ASSETCATALOG_COMPILER_GLOBAL_ACCENT_COLOR_NAME = AccentColor;
				CODE_SIGN_STYLE = Automatic;
				DEVELOPMENT_TEAM = 34G99QRS57;
				INFOPLIST_FILE = AdoptingHay/Info.plist;
				LD_RUNPATH_SEARCH_PATHS = (
					"$(inherited)",
					"@executable_path/Frameworks",
				);
				PRODUCT_BUNDLE_IDENTIFIER = com.engingulek.AdoptingHay;
				PRODUCT_NAME = "$(TARGET_NAME)";
				SWIFT_VERSION = 5.0;
				TARGETED_DEVICE_FAMILY = 1;
			};
			name = Debug;
		};
		7D4674F427182F2600632CE6 /* Release */ = {
			isa = XCBuildConfiguration;
			baseConfigurationReference = A6EF73076862743BC27CD1D8 /* Pods-AdoptingHay.release.xcconfig */;
			buildSettings = {
				ASSETCATALOG_COMPILER_APPICON_NAME = AppIcon;
				ASSETCATALOG_COMPILER_GLOBAL_ACCENT_COLOR_NAME = AccentColor;
				CODE_SIGN_STYLE = Automatic;
				DEVELOPMENT_TEAM = 34G99QRS57;
				INFOPLIST_FILE = AdoptingHay/Info.plist;
				LD_RUNPATH_SEARCH_PATHS = (
					"$(inherited)",
					"@executable_path/Frameworks",
				);
				PRODUCT_BUNDLE_IDENTIFIER = com.engingulek.AdoptingHay;
				PRODUCT_NAME = "$(TARGET_NAME)";
				SWIFT_VERSION = 5.0;
				TARGETED_DEVICE_FAMILY = 1;
			};
			name = Release;
		};
/* End XCBuildConfiguration section */

/* Begin XCConfigurationList section */
		7D4674D927182F2200632CE6 /* Build configuration list for PBXProject "AdoptingHay" */ = {
			isa = XCConfigurationList;
			buildConfigurations = (
				7D4674F027182F2600632CE6 /* Debug */,
				7D4674F127182F2600632CE6 /* Release */,
			);
			defaultConfigurationIsVisible = 0;
			defaultConfigurationName = Release;
		};
		7D4674F227182F2600632CE6 /* Build configuration list for PBXNativeTarget "AdoptingHay" */ = {
			isa = XCConfigurationList;
			buildConfigurations = (
				7D4674F327182F2600632CE6 /* Debug */,
				7D4674F427182F2600632CE6 /* Release */,
			);
			defaultConfigurationIsVisible = 0;
			defaultConfigurationName = Release;
		};
/* End XCConfigurationList section */
	};
	rootObject = 7D4674D627182F2200632CE6 /* Project object */;
}
